
Microsoft Visual Studio Solution File, Format Version 12.00
# Visual Studio 15
VisualStudioVersion = 15.0.28307.421
MinimumVisualStudioVersion = 10.0.40219.1
Project("{FAE04EC0-301F-11D3-BF4B-00C04F79EFBC}") = "Taxi", "Taxi\Taxi.csproj", "{B48AC8A8-ACFF-410A-8C95-0B56C695BBC4}"
EndProject
Global
	GlobalSection(SolutionConfigurationPlatforms) = preSolution
		Debug|Any CPU = Debug|Any CPU
		Release|Any CPU = Release|Any CPU
	EndGlobalSection
	GlobalSection(ProjectConfigurationPlatforms) = postSolution
		{B48AC8A8-ACFF-410A-8C95-0B56C695BBC4}.Debug|Any CPU.ActiveCfg = Debug|Any CPU
		{B48AC8A8-ACFF-410A-8C95-0B56C695BBC4}.Debug|Any CPU.Build.0 = Debug|Any CPU
		{B48AC8A8-ACFF-410A-8C95-0B56C695BBC4}.Release|Any CPU.ActiveCfg = Release|Any CPU
		{B48AC8A8-ACFF-410A-8C95-0B56C695BBC4}.Release|Any CPU.Build.0 = Release|Any CPU
	EndGlobalSection
	GlobalSection(SolutionProperties) = preSolution
		HideSolutionNode = FALSE
	EndGlobalSection
	GlobalSection(ExtensibilityGlobals) = postSolution
		SolutionGuid = {02ED2446-0F44-41C5-9C90-F607D6C81E71}
	EndGlobalSection
EndGlobal
