
Microsoft Visual Studio Solution File, Format Version 12.00
# Visual Studio 15
VisualStudioVersion = 15.0.28010.2050
MinimumVisualStudioVersion = 10.0.40219.1
Project("{9A19103F-16F7-4668-BE54-9A1E7A4F7556}") = "Eventures", "Eventures\Eventures.csproj", "{821449C0-6B7D-41D0-B08E-E79C8A38C95B}"
EndProject
Project("{FAE04EC0-301F-11D3-BF4B-00C04F79EFBC}") = "Eventures.Services.Tests", "Eventures.Services.Tests\Eventures.Services.Tests.csproj", "{AF28FB58-A6DD-4174-8B88-57BA59711BE4}"
EndProject
Global
	GlobalSection(SolutionConfigurationPlatforms) = preSolution
		Debug|Any CPU = Debug|Any CPU
		Release|Any CPU = Release|Any CPU
	EndGlobalSection
	GlobalSection(ProjectConfigurationPlatforms) = postSolution
		{821449C0-6B7D-41D0-B08E-E79C8A38C95B}.Debug|Any CPU.ActiveCfg = Debug|Any CPU
		{821449C0-6B7D-41D0-B08E-E79C8A38C95B}.Debug|Any CPU.Build.0 = Debug|Any CPU
		{821449C0-6B7D-41D0-B08E-E79C8A38C95B}.Release|Any CPU.ActiveCfg = Release|Any CPU
		{821449C0-6B7D-41D0-B08E-E79C8A38C95B}.Release|Any CPU.Build.0 = Release|Any CPU
		{AF28FB58-A6DD-4174-8B88-57BA59711BE4}.Debug|Any CPU.ActiveCfg = Debug|Any CPU
		{AF28FB58-A6DD-4174-8B88-57BA59711BE4}.Debug|Any CPU.Build.0 = Debug|Any CPU
		{AF28FB58-A6DD-4174-8B88-57BA59711BE4}.Release|Any CPU.ActiveCfg = Release|Any CPU
		{AF28FB58-A6DD-4174-8B88-57BA59711BE4}.Release|Any CPU.Build.0 = Release|Any CPU
	EndGlobalSection
	GlobalSection(SolutionProperties) = preSolution
		HideSolutionNode = FALSE
	EndGlobalSection
	GlobalSection(ExtensibilityGlobals) = postSolution
		SolutionGuid = {EC717A81-7127-4D8B-AC8A-4D41FCDAAB1D}
	EndGlobalSection
EndGlobal
